{
  "version": 4,
  "terraform_version": "1.5.1",
  "serial": 34,
  "lineage": "d47bfb10-6820-d099-7f99-207fbe9ec0ea",
  "outputs": {
    "PublicIP": {
      "value": "184.73.103.10",
      "type": "string"
    }
  },
  "resources": [
    {
      "mode": "managed",
      "type": "aws_instance",
      "name": "dove-instance",
      "provider": "provider[\"registry.terraform.io/hashicorp/aws\"]",
      "instances": [
        {
          "schema_version": 1,
          "attributes": {
            "ami": "ami-022e1a32d3f742bd8",
            "arn": "arn:aws:ec2:us-east-1:788000630483:instance/i-011f8277059f6e3eb",
            "associate_public_ip_address": true,
            "availability_zone": "us-east-1a",
            "capacity_reservation_specification": [
              {
                "capacity_reservation_preference": "open",
                "capacity_reservation_target": []
              }
            ],
            "cpu_core_count": 1,
            "cpu_options": [
              {
                "amd_sev_snp": "",
                "core_count": 1,
                "threads_per_core": 1
              }
            ],
            "cpu_threads_per_core": 1,
            "credit_specification": [
              {
                "cpu_credits": "standard"
              }
            ],
            "disable_api_stop": false,
            "disable_api_termination": false,
            "ebs_block_device": [],
            "ebs_optimized": false,
            "enclave_options": [
              {
                "enabled": false
              }
            ],
            "ephemeral_block_device": [],
            "get_password_data": false,
            "hibernation": false,
            "host_id": "",
            "host_resource_group_arn": null,
            "iam_instance_profile": "",
            "id": "i-011f8277059f6e3eb",
            "instance_initiated_shutdown_behavior": "stop",
            "instance_lifecycle": "",
            "instance_market_options": [],
            "instance_state": "running",
            "instance_type": "t2.micro",
            "ipv6_address_count": 0,
            "ipv6_addresses": [],
            "key_name": "dovekey",
            "launch_template": [],
            "maintenance_options": [
              {
                "auto_recovery": "default"
              }
            ],
            "metadata_options": [
              {
                "http_endpoint": "enabled",
                "http_put_response_hop_limit": 2,
                "http_tokens": "required",
                "instance_metadata_tags": "disabled"
              }
            ],
            "monitoring": false,
            "network_interface": [],
            "outpost_arn": "",
            "password_data": "",
            "placement_group": "",
            "placement_partition_number": 0,
            "primary_network_interface_id": "eni-0144caeea50ff9d28",
            "private_dns": "ip-172-31-94-9.ec2.internal",
            "private_dns_name_options": [
              {
                "enable_resource_name_dns_a_record": false,
                "enable_resource_name_dns_aaaa_record": false,
                "hostname_type": "ip-name"
              }
            ],
            "private_ip": "172.31.94.9",
            "public_dns": "ec2-184-73-103-10.compute-1.amazonaws.com",
            "public_ip": "184.73.103.10",
            "root_block_device": [
              {
                "delete_on_termination": true,
                "device_name": "/dev/xvda",
                "encrypted": false,
                "iops": 3000,
                "kms_key_id": "",
                "tags": {},
                "throughput": 125,
                "volume_id": "vol-03f5e53dfde3f4c59",
                "volume_size": 8,
                "volume_type": "gp3"
              }
            ],
            "secondary_private_ips": [],
            "security_groups": [
              "dove-sg"
            ],
            "source_dest_check": true,
            "spot_instance_request_id": "",
            "subnet_id": "subnet-07b94da82b67849e5",
            "tags": {
              "Name": "terra-instance",
              "Project": "Terraform"
            },
            "tags_all": {
              "Name": "terra-instance",
              "Project": "Terraform"
            },
            "tenancy": "default",
            "timeouts": null,
            "user_data": null,
            "user_data_base64": null,
            "user_data_replace_on_change": false,
            "volume_tags": null,
            "vpc_security_group_ids": [
              "sg-0762fd5522e949ffd"
            ]
          },
          "sensitive_attributes": [],
          "private": "eyJlMmJmYjczMC1lY2FhLTExZTYtOGY4OC0zNDM2M2JjN2M0YzAiOnsiY3JlYXRlIjo2MDAwMDAwMDAwMDAsImRlbGV0ZSI6MTIwMDAwMDAwMDAwMCwidXBkYXRlIjo2MDAwMDAwMDAwMDB9LCJzY2hlbWFfdmVyc2lvbiI6IjEifQ==",
          "dependencies": [
            "aws_key_pair.dove-key",
            "aws_security_group.dove-sec-group"
          ]
        }
      ]
    },
    {
      "mode": "managed",
      "type": "aws_key_pair",
      "name": "dove-key",
      "provider": "provider[\"registry.terraform.io/hashicorp/aws\"]",
      "instances": [
        {
          "schema_version": 1,
          "attributes": {
            "arn": "arn:aws:ec2:us-east-1:788000630483:key-pair/dovekey",
            "fingerprint": "39:fe:88:a7:0b:6c:76:11:c8:0a:2d:af:55:85:59:75",
            "id": "dovekey",
            "key_name": "dovekey",
            "key_name_prefix": "",
            "key_pair_id": "key-0228c514fe25f2e4e",
            "key_type": "rsa",
            "public_key": "ssh-rsa AAAAB3NzaC1yc2EAAAADAQABAAABgQD4JyD8mBsdOpr+7LgAVdegybshHHWU00g8EDOiosaRd8pqsuFaffUrBFB5Q6dfh+DAM77xTXXvXKdJcxoxIf2j8iJfO0rzI6d76oTPVglzWrBhDcNE6fHzQCfvvxRBGHUws/ccvcYBSZA+lw5rT9MYkWs1olBqpljJ03RcjgmbGXbgz9UKrkGRzF3JBWoiR591Z9UXapf92oLQMhsr2RMIrrvmVChDXGVX+ZhrO9I0TuzDTtA9d+yimowq8BIJdre6QCTAspvpqZpGwjAE8fsi6UaYjpuGZ1xVfx8IilUscWd0fEt7RVcj7Yd2AGXPKXXwbDXUSg8TLAhOJADnXMSZ/8xjtTJDtWSmkvUPw/Bs5IrE6o364x6Adgk0EMLkjPZoYUcs4XKQ4E6YytRRaIPL5Hc8YKNgOXxQjYPtYmbUsRQ8Re9hXTytG1jXHaoy2/Dx/+q+Mdk7O1/XaIQ5dEYYWEuH+q0ecPlr+4V2q3nL+uT+T0m/HBZN3ID7P4LKoR8= Deepak Tyagi@Deepak",
            "tags": null,
            "tags_all": {}
          },
          "sensitive_attributes": [],
          "private": "eyJzY2hlbWFfdmVyc2lvbiI6IjEifQ=="
        }
      ]
    },
    {
      "mode": "managed",
      "type": "aws_security_group",
      "name": "dove-sec-group",
      "provider": "provider[\"registry.terraform.io/hashicorp/aws\"]",
      "instances": [
        {
          "schema_version": 1,
          "attributes": {
            "arn": "arn:aws:ec2:us-east-1:788000630483:security-group/sg-0762fd5522e949ffd",
            "description": "Allow Dove inbound traffic",
            "egress": [
              {
                "cidr_blocks": [
                  "0.0.0.0/0"
                ],
                "description": "",
                "from_port": 0,
                "ipv6_cidr_blocks": [
                  "::/0"
                ],
                "prefix_list_ids": [],
                "protocol": "-1",
                "security_groups": [],
                "self": false,
                "to_port": 0
              }
            ],
            "id": "sg-0762fd5522e949ffd",
            "ingress": [
              {
                "cidr_blocks": [
                  "139.5.242.230/32"
                ],
                "description": "Dove port 22 from VPC",
                "from_port": 22,
                "ipv6_cidr_blocks": [],
                "prefix_list_ids": [],
                "protocol": "tcp",
                "security_groups": [],
                "self": false,
                "to_port": 22
              },
              {
                "cidr_blocks": [
                  "139.5.242.230/32"
                ],
                "description": "Dove port 80 from VPC",
                "from_port": 80,
                "ipv6_cidr_blocks": [],
                "prefix_list_ids": [],
                "protocol": "tcp",
                "security_groups": [],
                "self": false,
                "to_port": 80
              }
            ],
            "name": "dove-sg",
            "name_prefix": "",
            "owner_id": "788000630483",
            "revoke_rules_on_delete": false,
            "tags": {
              "Name": "allow_tls"
            },
            "tags_all": {
              "Name": "allow_tls"
            },
            "timeouts": null,
            "vpc_id": "vpc-06aae491d20cb3c45"
          },
          "sensitive_attributes": [],
          "private": "eyJlMmJmYjczMC1lY2FhLTExZTYtOGY4OC0zNDM2M2JjN2M0YzAiOnsiY3JlYXRlIjo2MDAwMDAwMDAwMDAsImRlbGV0ZSI6OTAwMDAwMDAwMDAwfSwic2NoZW1hX3ZlcnNpb24iOiIxIn0="
        }
      ]
    }
  ],
  "check_results": null
}
